
Microsoft Visual Studio Solution File, Format Version 12.00
# Visual Studio Version 16
VisualStudioVersion = 16.0.30320.27
MinimumVisualStudioVersion = 10.0.40219.1
Project("{9A19103F-16F7-4668-BE54-9A1E7A4F7556}") = "eFormCodeCdtAzFunc", "eFormCodeCdtAzFunc.csproj", "{C8B5137C-7103-4F85-86D9-8118C28B4877}"
EndProject
Global
	GlobalSection(SolutionConfigurationPlatforms) = preSolution
		Debug|Any CPU = Debug|Any CPU
		Release|Any CPU = Release|Any CPU
	EndGlobalSection
	GlobalSection(ProjectConfigurationPlatforms) = postSolution
		{C8B5137C-7103-4F85-86D9-8118C28B4877}.Debug|Any CPU.ActiveCfg = Debug|Any CPU
		{C8B5137C-7103-4F85-86D9-8118C28B4877}.Debug|Any CPU.Build.0 = Debug|Any CPU
		{C8B5137C-7103-4F85-86D9-8118C28B4877}.Release|Any CPU.ActiveCfg = Release|Any CPU
		{C8B5137C-7103-4F85-86D9-8118C28B4877}.Release|Any CPU.Build.0 = Release|Any CPU
	EndGlobalSection
	GlobalSection(SolutionProperties) = preSolution
		HideSolutionNode = FALSE
	EndGlobalSection
	GlobalSection(ExtensibilityGlobals) = postSolution
		SolutionGuid = {725159DE-9813-41A1-AA63-8BD3B96F2CD3}
	EndGlobalSection
EndGlobal
